
Microsoft Visual Studio Solution File, Format Version 12.00
# Visual Studio Version 17
VisualStudioVersion = 17.4.33213.308
MinimumVisualStudioVersion = 10.0.40219.1
Project("{FAE04EC0-301F-11D3-BF4B-00C04F79EFBC}") = "CustomCommandEditing", "CustomCommandEditing.csproj", "{9A59EC3E-AB4E-4688-A706-008DE804FA93}"
EndProject
Global
	GlobalSection(SolutionConfigurationPlatforms) = preSolution
		Debug|Any CPU = Debug|Any CPU
		Release|Any CPU = Release|Any CPU
	EndGlobalSection
	GlobalSection(ProjectConfigurationPlatforms) = postSolution
		{9A59EC3E-AB4E-4688-A706-008DE804FA93}.Debug|Any CPU.ActiveCfg = Debug|Any CPU
		{9A59EC3E-AB4E-4688-A706-008DE804FA93}.Debug|Any CPU.Build.0 = Debug|Any CPU
		{9A59EC3E-AB4E-4688-A706-008DE804FA93}.Release|Any CPU.ActiveCfg = Release|Any CPU
		{9A59EC3E-AB4E-4688-A706-008DE804FA93}.Release|Any CPU.Build.0 = Release|Any CPU
	EndGlobalSection
	GlobalSection(SolutionProperties) = preSolution
		HideSolutionNode = FALSE
	EndGlobalSection
	GlobalSection(ExtensibilityGlobals) = postSolution
		SolutionGuid = {26BD1652-C3A6-46BB-A62E-4FDDB67B4614}
	EndGlobalSection
EndGlobal
